
Microsoft Visual Studio Solution File, Format Version 12.00
# Visual Studio Version 17
VisualStudioVersion = 17.0.31919.166
MinimumVisualStudioVersion = 10.0.40219.1
Project("{FAE04EC0-301F-11D3-BF4B-00C04F79EFBC}") = "Activity_11", "Activity_11\Activity_11.csproj", "{03BDCE7D-28E7-4611-800A-6F5B283209DB}"
EndProject
Global
	GlobalSection(SolutionConfigurationPlatforms) = preSolution
		Debug|Any CPU = Debug|Any CPU
		Release|Any CPU = Release|Any CPU
	EndGlobalSection
	GlobalSection(ProjectConfigurationPlatforms) = postSolution
		{03BDCE7D-28E7-4611-800A-6F5B283209DB}.Debug|Any CPU.ActiveCfg = Debug|Any CPU
		{03BDCE7D-28E7-4611-800A-6F5B283209DB}.Debug|Any CPU.Build.0 = Debug|Any CPU
		{03BDCE7D-28E7-4611-800A-6F5B283209DB}.Release|Any CPU.ActiveCfg = Release|Any CPU
		{03BDCE7D-28E7-4611-800A-6F5B283209DB}.Release|Any CPU.Build.0 = Release|Any CPU
	EndGlobalSection
	GlobalSection(SolutionProperties) = preSolution
		HideSolutionNode = FALSE
	EndGlobalSection
	GlobalSection(ExtensibilityGlobals) = postSolution
		SolutionGuid = {0C847621-C242-4912-A18C-0993B389F6F7}
	EndGlobalSection
EndGlobal
